
Microsoft Visual Studio Solution File, Format Version 12.00
# Visual Studio 15
VisualStudioVersion = 15.0.27130.2010
MinimumVisualStudioVersion = 10.0.40219.1
Project("{FAE04EC0-301F-11D3-BF4B-00C04F79EFBC}") = "RevisionUpToSection5", "RevisionUpToSection5\RevisionUpToSection5.csproj", "{C973CC92-679B-41E4-89E7-4E3D719195A0}"
EndProject
Global
	GlobalSection(SolutionConfigurationPlatforms) = preSolution
		Debug|Any CPU = Debug|Any CPU
		Release|Any CPU = Release|Any CPU
	EndGlobalSection
	GlobalSection(ProjectConfigurationPlatforms) = postSolution
		{C973CC92-679B-41E4-89E7-4E3D719195A0}.Debug|Any CPU.ActiveCfg = Debug|Any CPU
		{C973CC92-679B-41E4-89E7-4E3D719195A0}.Debug|Any CPU.Build.0 = Debug|Any CPU
		{C973CC92-679B-41E4-89E7-4E3D719195A0}.Release|Any CPU.ActiveCfg = Release|Any CPU
		{C973CC92-679B-41E4-89E7-4E3D719195A0}.Release|Any CPU.Build.0 = Release|Any CPU
	EndGlobalSection
	GlobalSection(SolutionProperties) = preSolution
		HideSolutionNode = FALSE
	EndGlobalSection
	GlobalSection(ExtensibilityGlobals) = postSolution
		SolutionGuid = {E4DFBD3B-6E01-49FD-B48C-5A510EC5DE02}
	EndGlobalSection
EndGlobal
